# This file was autogenerated by uv via the following command:
#    uv pip compile pyproject.toml --python-version 3.12 --all-extras -o requirements-py312.lock
alabaster==1.0.0
    # via sphinx
asciitree==0.3.3
    # via zarr
asttokens==3.0.0
    # via stack-data
attrs==25.3.0
    # via
    #   jsonschema
    #   referencing
babel==2.17.0
    # via sphinx
bleach==6.2.0
    # via panel
blosc2==2.7.1
    # via tables
bokeh==3.7.3
    # via
    #   jupyter-bokeh
    #   panel
boto3==1.40.9
    # via python-benedict
botocore==1.40.9
    # via
    #   boto3
    #   s3transfer
bracex==2.6
    # via wcmatch
certifi==2025.8.3
    # via requests
charset-normalizer==3.4.3
    # via requests
click==8.2.1
    # via
    #   mkdocs
    #   mkdocstrings
colorama==0.4.6
    # via
    #   click
    #   griffe
    #   ipython
    #   mkdocs
    #   sphinx
    #   tqdm
comm==0.2.3
    # via
    #   ipykernel
    #   ipywidgets
contourpy==1.3.2
    # via
    #   bokeh
    #   matplotlib
cupy-cuda12x==13.5.1
    # via neuropy (pyproject.toml)
cycler==0.12.1
    # via matplotlib
debugpy==1.8.16
    # via ipykernel
decorator==5.2.1
    # via ipython
dill==0.3.5.1
    # via
    #   neuropy (pyproject.toml)
    #   klepto
docstring-parser==0.17.0
    # via pytkdocs
docutils==0.21.2
    # via sphinx
et-xmlfile==2.0.0
    # via openpyxl
executing==2.2.0
    # via stack-data
fasteners==0.20
    # via zarr
fastrlock==0.8.3
    # via cupy-cuda12x
flexitext @ git+https://github.com/CommanderPho/flexitext.git@8ac0a50e6ab62c17812838b81a71c806bf7b69f4
    # via neuropy (pyproject.toml)
fonttools==4.59.1
    # via matplotlib
ftfy==6.3.1
    # via python-benedict
ghp-import==2.1.0
    # via mkdocs
griffe==1.12.0
    # via mkdocstrings-python
h5py==3.14.0
    # via
    #   neuropy (pyproject.toml)
    #   hdf5storage
    #   hdmf
    #   pynapple
    #   pynwb
hdf5storage==0.1.19
    # via neuropy (pyproject.toml)
hdmf==4.1.0
    # via pynwb
hmmlearn==0.2.8
    # via neuropy (pyproject.toml)
idna==3.10
    # via requests
imagesize==1.4.1
    # via sphinx
indexed==1.3.0
    # via neuropy (pyproject.toml)
ipykernel==6.30.1
    # via flexitext
ipython==9.4.0
    # via
    #   ipykernel
    #   ipywidgets
ipython-pygments-lexers==1.1.1
    # via ipython
ipywidgets==8.1.7
    # via
    #   neuropy (pyproject.toml)
    #   jupyter-bokeh
jedi==0.19.2
    # via ipython
jinja2==3.1.6
    # via
    #   bokeh
    #   mkdocs
    #   mkdocstrings
    #   sphinx
jmespath==1.0.1
    # via
    #   boto3
    #   botocore
joblib==1.5.1
    # via
    #   neuropy (pyproject.toml)
    #   scikit-learn
jsonschema==4.25.0
    # via hdmf
jsonschema-specifications==2025.4.1
    # via jsonschema
jupyter-bokeh==3.0.7
    # via neuropy (pyproject.toml)
jupyter-client==8.6.3
    # via ipykernel
jupyter-core==5.8.1
    # via
    #   ipykernel
    #   jupyter-client
jupyterlab-widgets==3.0.15
    # via ipywidgets
kiwisolver==1.4.9
    # via matplotlib
klepto==0.2.2
    # via neuropy (pyproject.toml)
linkify-it-py==2.0.3
    # via panel
llvmlite==0.39.1
    # via numba
mailchecker==5.0.9
    # via python-benedict
markdown==3.8.2
    # via
    #   mkdocs
    #   mkdocs-autorefs
    #   mkdocstrings
    #   panel
    #   pymdown-extensions
markdown-it-py==4.0.0
    # via
    #   mdit-py-plugins
    #   panel
    #   rich
markupsafe==3.0.2
    # via
    #   jinja2
    #   mkdocs
    #   mkdocs-autorefs
    #   mkdocstrings
matplotlib==3.10.5
    # via
    #   neuropy (pyproject.toml)
    #   flexitext
    #   pingouin
    #   scikit-posthocs
    #   seaborn
matplotlib-inline==0.1.7
    # via
    #   ipykernel
    #   ipython
mdit-py-plugins==0.5.0
    # via panel
mdurl==0.1.2
    # via markdown-it-py
mergedeep==1.3.4
    # via
    #   mkdocs
    #   mkdocs-get-deps
mkdocs==1.6.1
    # via
    #   flexitext
    #   mkdocs-autorefs
    #   mkdocs-awesome-pages-plugin
    #   mkdocs-exclude
    #   mkdocs-redirects
    #   mkdocs-section-index
    #   mkdocstrings
mkdocs-autorefs==1.4.2
    # via mkdocstrings
mkdocs-awesome-pages-plugin==2.10.1
    # via flexitext
mkdocs-exclude==1.0.2
    # via flexitext
mkdocs-get-deps==0.2.0
    # via mkdocs
mkdocs-redirects==1.2.2
    # via flexitext
mkdocs-section-index==0.3.10
    # via flexitext
mkdocstrings==0.24.3
    # via
    #   flexitext
    #   mkdocstrings-python
mkdocstrings-python==1.10.0
    # via flexitext
msgpack==1.1.1
    # via blosc2
narwhals==2.1.1
    # via bokeh
natsort==8.4.0
    # via mkdocs-awesome-pages-plugin
ndindex==1.10.0
    # via blosc2
nest-asyncio==1.6.0
    # via ipykernel
nptyping==2.5.0
    # via neuropy (pyproject.toml)
numba==0.56.4
    # via
    #   neuropy (pyproject.toml)
    #   pynapple
numcodecs==0.13.1
    # via zarr
numexpr==2.11.0
    # via
    #   blosc2
    #   tables
numpy==1.23.5
    # via
    #   neuropy (pyproject.toml)
    #   blosc2
    #   bokeh
    #   contourpy
    #   cupy-cuda12x
    #   h5py
    #   hdf5storage
    #   hdmf
    #   hmmlearn
    #   matplotlib
    #   nptyping
    #   numba
    #   numcodecs
    #   numexpr
    #   pandas
    #   patsy
    #   pingouin
    #   pynapple
    #   pynwb
    #   scikit-learn
    #   scikit-posthocs
    #   scipy
    #   seaborn
    #   statsmodels
    #   tables
    #   tifffile
    #   xarray
    #   zarr
objgraph==3.6.2
    # via dill
openpyxl==3.1.5
    # via python-benedict
packaging==25.0
    # via
    #   bokeh
    #   ipykernel
    #   matplotlib
    #   mkdocs
    #   panel
    #   qtpy
    #   sphinx
    #   statsmodels
    #   tables
    #   xarray
pandas==1.5.3
    # via
    #   neuropy (pyproject.toml)
    #   bokeh
    #   hdmf
    #   nptyping
    #   pandas-flavor
    #   panel
    #   pingouin
    #   pynapple
    #   pynwb
    #   scikit-posthocs
    #   seaborn
    #   statsmodels
    #   xarray
pandas-flavor==0.7.0
    # via pingouin
pandas-stubs-fork==1.5.3.230214
    # via nptyping
panel==1.7.5
    # via neuropy (pyproject.toml)
param==2.2.1
    # via
    #   panel
    #   pyviz-comms
params==0.9.0
    # via neuropy (pyproject.toml)
parso==0.8.4
    # via jedi
pathspec==0.12.1
    # via mkdocs
patsy==1.0.1
    # via statsmodels
phonenumbers==8.13.55
    # via python-benedict
pillow==11.3.0
    # via
    #   bokeh
    #   matplotlib
pingouin==0.5.5
    # via neuropy (pyproject.toml)
platformdirs==4.3.8
    # via
    #   jupyter-core
    #   mkdocs-get-deps
    #   mkdocstrings
portion @ git+https://github.com/CommanderPho/portion.git@d2497756daa215d4897b4cc0223b6fd5db8abcce
    # via neuropy (pyproject.toml)
pox==0.3.6
    # via klepto
prompt-toolkit==3.0.51
    # via ipython
psutil==7.0.0
    # via ipykernel
pure-eval==0.2.3
    # via stack-data
py-cpuinfo==9.0.0
    # via
    #   blosc2
    #   tables
pygments==2.19.2
    # via
    #   ipython
    #   ipython-pygments-lexers
    #   rich
    #   sphinx
pymdown-extensions==10.16.1
    # via mkdocstrings
pynapple==0.3.6
    # via neuropy (pyproject.toml)
pynwb==2.8.3
    # via pynapple
pyparsing==3.2.3
    # via matplotlib
python-benedict==0.28.3
    # via neuropy (pyproject.toml)
python-dateutil==2.9.0.post0
    # via
    #   botocore
    #   ghp-import
    #   jupyter-client
    #   matplotlib
    #   pandas
    #   pynwb
    #   python-benedict
python-fsutil==0.15.0
    # via python-benedict
python-slugify==7.0.0
    # via python-benedict
pytkdocs==0.16.5
    # via flexitext
pytz==2025.2
    # via pandas
pyviz-comms==3.0.6
    # via panel
pywin32==311
    # via jupyter-core
pyyaml==6.0.2
    # via
    #   bokeh
    #   mkdocs
    #   mkdocs-get-deps
    #   pymdown-extensions
    #   python-benedict
    #   pyyaml-env-tag
pyyaml-env-tag==1.1
    # via mkdocs
pyzmq==27.0.1
    # via
    #   ipykernel
    #   jupyter-client
qtpy==2.4.3
    # via vitables
referencing==0.36.2
    # via
    #   jsonschema
    #   jsonschema-specifications
requests==2.32.4
    # via
    #   panel
    #   python-benedict
    #   sphinx
rich==14.1.0
    # via pynapple
roman-numerals-py==3.1.0
    # via sphinx
rpds-py==0.27.0
    # via
    #   jsonschema
    #   referencing
ruamel-yaml==0.18.14
    # via hdmf
ruamel-yaml-clib==0.2.12
    # via ruamel-yaml
s3transfer==0.13.1
    # via boto3
scikit-learn==1.7.1
    # via
    #   neuropy (pyproject.toml)
    #   hmmlearn
    #   pingouin
scikit-posthocs==0.7.0
    # via neuropy (pyproject.toml)
scipy==1.15.3
    # via
    #   neuropy (pyproject.toml)
    #   hmmlearn
    #   pingouin
    #   pynapple
    #   scikit-learn
    #   scikit-posthocs
    #   statsmodels
seaborn==0.12.2
    # via
    #   neuropy (pyproject.toml)
    #   pingouin
    #   scikit-posthocs
setuptools==80.9.0
    # via
    #   numba
    #   vitables
six==1.17.0
    # via
    #   params
    #   python-dateutil
snowballstemmer==3.0.1
    # via sphinx
sortedcontainers==2.4.0
    # via portion
sphinx==8.2.3
    # via sphinx-autodoc-typehints
sphinx-autodoc-typehints==2.5.0
    # via neuropy (pyproject.toml)
sphinxcontrib-applehelp==2.0.0
    # via sphinx
sphinxcontrib-devhelp==2.0.0
    # via sphinx
sphinxcontrib-htmlhelp==2.1.0
    # via sphinx
sphinxcontrib-jsmath==1.0.1
    # via sphinx
sphinxcontrib-qthelp==2.0.0
    # via sphinx
sphinxcontrib-serializinghtml==2.0.0
    # via sphinx
stack-data==0.6.3
    # via ipython
statsmodels==0.14.5
    # via
    #   pingouin
    #   scikit-posthocs
tables==3.10.2
    # via vitables
tabulate==0.9.0
    # via
    #   pingouin
    #   pynapple
text-unidecode==1.3
    # via python-slugify
threadpoolctl==3.6.0
    # via scikit-learn
tifffile==2025.6.11
    # via pynapple
toml==0.10.2
    # via python-benedict
tornado==6.5.2
    # via
    #   bokeh
    #   ipykernel
    #   jupyter-client
tqdm==4.67.1
    # via
    #   neuropy (pyproject.toml)
    #   panel
traitlets==5.14.3
    # via
    #   ipykernel
    #   ipython
    #   ipywidgets
    #   jupyter-client
    #   jupyter-core
    #   matplotlib-inline
types-pytz==2025.2.0.20250809
    # via pandas-stubs-fork
typing-extensions==4.14.1
    # via
    #   neuropy (pyproject.toml)
    #   panel
    #   referencing
    #   tables
uc-micro-py==1.0.3
    # via linkify-it-py
urllib3==1.26.18
    # via
    #   neuropy (pyproject.toml)
    #   botocore
    #   requests
vitables==3.0.3
    # via neuropy (pyproject.toml)
watchdog==6.0.0
    # via mkdocs
wcmatch==10.1
    # via mkdocs-awesome-pages-plugin
wcwidth==0.2.13
    # via
    #   ftfy
    #   prompt-toolkit
webencodings==0.5.1
    # via bleach
widgetsnbextension==4.0.14
    # via ipywidgets
xarray==2024.3.0
    # via pandas-flavor
xlrd==2.0.2
    # via python-benedict
xmltodict==0.14.2
    # via python-benedict
xyzservices==2025.4.0
    # via bokeh
zarr==2.18.2
    # via pynapple
